
Microsoft Visual Studio Solution File, Format Version 12.00
# Visual Studio Version 16
VisualStudioVersion = 16.0.31702.278
MinimumVisualStudioVersion = 10.0.40219.1
Project("{FAE04EC0-301F-11D3-BF4B-00C04F79EFBC}") = "Projeto1", "Projeto1\Projeto1.csproj", "{427EC316-6105-481C-A67B-0D937C68444F}"
EndProject
Global
	GlobalSection(SolutionConfigurationPlatforms) = preSolution
		Debug|Any CPU = Debug|Any CPU
		Release|Any CPU = Release|Any CPU
	EndGlobalSection
	GlobalSection(ProjectConfigurationPlatforms) = postSolution
		{427EC316-6105-481C-A67B-0D937C68444F}.Debug|Any CPU.ActiveCfg = Debug|Any CPU
		{427EC316-6105-481C-A67B-0D937C68444F}.Debug|Any CPU.Build.0 = Debug|Any CPU
		{427EC316-6105-481C-A67B-0D937C68444F}.Release|Any CPU.ActiveCfg = Release|Any CPU
		{427EC316-6105-481C-A67B-0D937C68444F}.Release|Any CPU.Build.0 = Release|Any CPU
	EndGlobalSection
	GlobalSection(SolutionProperties) = preSolution
		HideSolutionNode = FALSE
	EndGlobalSection
	GlobalSection(ExtensibilityGlobals) = postSolution
		SolutionGuid = {4755AFA3-6B61-4A14-9ABD-599B9724D377}
	EndGlobalSection
EndGlobal
