
Microsoft Visual Studio Solution File, Format Version 12.00
# Visual Studio Version 16
VisualStudioVersion = 16.0.31702.278
MinimumVisualStudioVersion = 10.0.40219.1
Project("{FAE04EC0-301F-11D3-BF4B-00C04F79EFBC}") = "test1", "test1\test1.csproj", "{BE3A5212-0574-4F99-9875-533EB6C7F7B6}"
EndProject
Global
	GlobalSection(SolutionConfigurationPlatforms) = preSolution
		Debug|Any CPU = Debug|Any CPU
		Release|Any CPU = Release|Any CPU
	EndGlobalSection
	GlobalSection(ProjectConfigurationPlatforms) = postSolution
		{BE3A5212-0574-4F99-9875-533EB6C7F7B6}.Debug|Any CPU.ActiveCfg = Debug|Any CPU
		{BE3A5212-0574-4F99-9875-533EB6C7F7B6}.Debug|Any CPU.Build.0 = Debug|Any CPU
		{BE3A5212-0574-4F99-9875-533EB6C7F7B6}.Release|Any CPU.ActiveCfg = Release|Any CPU
		{BE3A5212-0574-4F99-9875-533EB6C7F7B6}.Release|Any CPU.Build.0 = Release|Any CPU
	EndGlobalSection
	GlobalSection(SolutionProperties) = preSolution
		HideSolutionNode = FALSE
	EndGlobalSection
	GlobalSection(ExtensibilityGlobals) = postSolution
		SolutionGuid = {CAD5D172-F99F-4242-B15E-90EA2D257F0B}
	EndGlobalSection
EndGlobal
